// !$*UTF8*$!
{
	archiveVersion = 1;
	classes = {
	};
	objectVersion = 50;
	objects = {

/* Begin PBXBuildFile section */
		9A4B918D22C3C8600084114A /* NoteEditorVC.swift in Sources */ = {isa = PBXBuildFile; fileRef = 9A4B918C22C3C8600084114A /* NoteEditorVC.swift */; };
		9AFD60BA22C228A100FB90F2 /* AppDelegate.swift in Sources */ = {isa = PBXBuildFile; fileRef = 9AFD60B922C228A100FB90F2 /* AppDelegate.swift */; };
		9AFD60BC22C228A100FB90F2 /* ViewController.swift in Sources */ = {isa = PBXBuildFile; fileRef = 9AFD60BB22C228A100FB90F2 /* ViewController.swift */; };
		9AFD60BF22C228A100FB90F2 /* Main.storyboard in Resources */ = {isa = PBXBuildFile; fileRef = 9AFD60BD22C228A100FB90F2 /* Main.storyboard */; };
		9AFD60C222C228A100FB90F2 /* NotesApp.xcdatamodeld in Sources */ = {isa = PBXBuildFile; fileRef = 9AFD60C022C228A100FB90F2 /* NotesApp.xcdatamodeld */; };
		9AFD60C422C228A700FB90F2 /* Assets.xcassets in Resources */ = {isa = PBXBuildFile; fileRef = 9AFD60C322C228A700FB90F2 /* Assets.xcassets */; };
		9AFD60C722C228A700FB90F2 /* LaunchScreen.storyboard in Resources */ = {isa = PBXBuildFile; fileRef = 9AFD60C522C228A700FB90F2 /* LaunchScreen.storyboard */; };
		9AFD60D022C25A3900FB90F2 /* Note+CoreDataClass.swift in Sources */ = {isa = PBXBuildFile; fileRef = 9AFD60CE22C25A3900FB90F2 /* Note+CoreDataClass.swift */; };
		9AFD60D122C25A3900FB90F2 /* Note+CoreDataProperties.swift in Sources */ = {isa = PBXBuildFile; fileRef = 9AFD60CF22C25A3900FB90F2 /* Note+CoreDataProperties.swift */; };
/* End PBXBuildFile section */

/* Begin PBXFileReference section */
		9A4B918C22C3C8600084114A /* NoteEditorVC.swift */ = {isa = PBXFileReference; lastKnownFileType = sourcecode.swift; path = NoteEditorVC.swift; sourceTree = "<group>"; };
		9AFD60B622C228A100FB90F2 /* NotesApp.app */ = {isa = PBXFileReference; explicitFileType = wrapper.application; includeInIndex = 0; path = NotesApp.app; sourceTree = BUILT_PRODUCTS_DIR; };
		9AFD60B922C228A100FB90F2 /* AppDelegate.swift */ = {isa = PBXFileReference; lastKnownFileType = sourcecode.swift; path = AppDelegate.swift; sourceTree = "<group>"; };
		9AFD60BB22C228A100FB90F2 /* ViewController.swift */ = {isa = PBXFileReference; lastKnownFileType = sourcecode.swift; path = ViewController.swift; sourceTree = "<group>"; };
		9AFD60BE22C228A100FB90F2 /* Base */ = {isa = PBXFileReference; lastKnownFileType = file.storyboard; name = Base; path = Base.lproj/Main.storyboard; sourceTree = "<group>"; };
		9AFD60C122C228A100FB90F2 /* NotesApp.xcdatamodel */ = {isa = PBXFileReference; lastKnownFileType = wrapper.xcdatamodel; path = NotesApp.xcdatamodel; sourceTree = "<group>"; };
		9AFD60C322C228A700FB90F2 /* Assets.xcassets */ = {isa = PBXFileReference; lastKnownFileType = folder.assetcatalog; path = Assets.xcassets; sourceTree = "<group>"; };
		9AFD60C622C228A700FB90F2 /* Base */ = {isa = PBXFileReference; lastKnownFileType = file.storyboard; name = Base; path = Base.lproj/LaunchScreen.storyboard; sourceTree = "<group>"; };
		9AFD60C822C228A700FB90F2 /* Info.plist */ = {isa = PBXFileReference; lastKnownFileType = text.plist.xml; path = Info.plist; sourceTree = "<group>"; };
		9AFD60CE22C25A3900FB90F2 /* Note+CoreDataClass.swift */ = {isa = PBXFileReference; lastKnownFileType = sourcecode.swift; path = "Note+CoreDataClass.swift"; sourceTree = "<group>"; };
		9AFD60CF22C25A3900FB90F2 /* Note+CoreDataProperties.swift */ = {isa = PBXFileReference; lastKnownFileType = sourcecode.swift; path = "Note+CoreDataProperties.swift"; sourceTree = "<group>"; };
/* End PBXFileReference section */

/* Begin PBXFrameworksBuildPhase section */
		9AFD60B322C228A100FB90F2 /* Frameworks */ = {
			isa = PBXFrameworksBuildPhase;
			buildActionMask = 2147483647;
			files = (
			);
			runOnlyForDeploymentPostprocessing = 0;
		};
/* End PBXFrameworksBuildPhase section */

/* Begin PBXGroup section */
		9AFD60AD22C228A100FB90F2 = {
			isa = PBXGroup;
			children = (
				9AFD60B822C228A100FB90F2 /* NotesApp */,
				9AFD60B722C228A100FB90F2 /* Products */,
			);
			sourceTree = "<group>";
		};
		9AFD60B722C228A100FB90F2 /* Products */ = {
			isa = PBXGroup;
			children = (
				9AFD60B622C228A100FB90F2 /* NotesApp.app */,
			);
			name = Products;
			sourceTree = "<group>";
		};
		9AFD60B822C228A100FB90F2 /* NotesApp */ = {
			isa = PBXGroup;
			children = (
				9AFD60CE22C25A3900FB90F2 /* Note+CoreDataClass.swift */,
				9AFD60CF22C25A3900FB90F2 /* Note+CoreDataProperties.swift */,
				9AFD60B922C228A100FB90F2 /* AppDelegate.swift */,
				9AFD60BB22C228A100FB90F2 /* ViewController.swift */,
				9AFD60BD22C228A100FB90F2 /* Main.storyboard */,
				9A4B918C22C3C8600084114A /* NoteEditorVC.swift */,
				9AFD60C322C228A700FB90F2 /* Assets.xcassets */,
				9AFD60C522C228A700FB90F2 /* LaunchScreen.storyboard */,
				9AFD60C822C228A700FB90F2 /* Info.plist */,
				9AFD60C022C228A100FB90F2 /* NotesApp.xcdatamodeld */,
			);
			path = NotesApp;
			sourceTree = "<group>";
		};
/* End PBXGroup section */

/* Begin PBXNativeTarget section */
		9AFD60B522C228A100FB90F2 /* NotesApp */ = {
			isa = PBXNativeTarget;
			buildConfigurationList = 9AFD60CB22C228A700FB90F2 /* Build configuration list for PBXNativeTarget "NotesApp" */;
			buildPhases = (
				9AFD60B222C228A100FB90F2 /* Sources */,
				9AFD60B322C228A100FB90F2 /* Frameworks */,
				9AFD60B422C228A100FB90F2 /* Resources */,
			);
			buildRules = (
			);
			dependencies = (
			);
			name = NotesApp;
			productName = NotesApp;
			productReference = 9AFD60B622C228A100FB90F2 /* NotesApp.app */;
			productType = "com.apple.product-type.application";
		};
/* End PBXNativeTarget section */

/* Begin PBXProject section */
		9AFD60AE22C228A100FB90F2 /* Project object */ = {
			isa = PBXProject;
			attributes = {
				LastSwiftUpdateCheck = 1020;
				LastUpgradeCheck = 1020;
				ORGANIZATIONNAME = com.blablabla;
				TargetAttributes = {
					9AFD60B522C228A100FB90F2 = {
						CreatedOnToolsVersion = 10.2.1;
					};
				};
			};
			buildConfigurationList = 9AFD60B122C228A100FB90F2 /* Build configuration list for PBXProject "NotesApp" */;
			compatibilityVersion = "Xcode 9.3";
			developmentRegion = en;
			hasScannedForEncodings = 0;
			knownRegions = (
				en,
				Base,
			);
			mainGroup = 9AFD60AD22C228A100FB90F2;
			productRefGroup = 9AFD60B722C228A100FB90F2 /* Products */;
			projectDirPath = "";
			projectRoot = "";
			targets = (
				9AFD60B522C228A100FB90F2 /* NotesApp */,
			);
		};
/* End PBXProject section */

/* Begin PBXResourcesBuildPhase section */
		9AFD60B422C228A100FB90F2 /* Resources */ = {
			isa = PBXResourcesBuildPhase;
			buildActionMask = 2147483647;
			files = (
				9AFD60C722C228A700FB90F2 /* LaunchScreen.storyboard in Resources */,
				9AFD60C422C228A700FB90F2 /* Assets.xcassets in Resources */,
				9AFD60BF22C228A100FB90F2 /* Main.storyboard in Resources */,
			);
			runOnlyForDeploymentPostprocessing = 0;
		};
/* End PBXResourcesBuildPhase section */

/* Begin PBXSourcesBuildPhase section */
		9AFD60B222C228A100FB90F2 /* Sources */ = {
			isa = PBXSourcesBuildPhase;
			buildActionMask = 2147483647;
			files = (
				9AFD60C222C228A100FB90F2 /* NotesApp.xcdatamodeld in Sources */,
				9A4B918D22C3C8600084114A /* NoteEditorVC.swift in Sources */,
				9AFD60D022C25A3900FB90F2 /* Note+CoreDataClass.swift in Sources */,
				9AFD60BC22C228A100FB90F2 /* ViewController.swift in Sources */,
				9AFD60BA22C228A100FB90F2 /* AppDelegate.swift in Sources */,
				9AFD60D122C25A3900FB90F2 /* Note+CoreDataProperties.swift in Sources */,
			);
			runOnlyForDeploymentPostprocessing = 0;
		};
/* End PBXSourcesBuildPhase section */

/* Begin PBXVariantGroup section */
		9AFD60BD22C228A100FB90F2 /* Main.storyboard */ = {
			isa = PBXVariantGroup;
			children = (
				9AFD60BE22C228A100FB90F2 /* Base */,
			);
			name = Main.storyboard;
			sourceTree = "<group>";
		};
		9AFD60C522C228A700FB90F2 /* LaunchScreen.storyboard */ = {
			isa = PBXVariantGroup;
			children = (
				9AFD60C622C228A700FB90F2 /* Base */,
			);
			name = LaunchScreen.storyboard;
			sourceTree = "<group>";
		};
/* End PBXVariantGroup section */

/* Begin XCBuildConfiguration section */
		9AFD60C922C228A700FB90F2 /* Debug */ = {
			isa = XCBuildConfiguration;
			buildSettings = {
				ALWAYS_SEARCH_USER_PATHS = NO;
				CLANG_ANALYZER_NONNULL = YES;
				CLANG_ANALYZER_NUMBER_OBJECT_CONVERSION = YES_AGGRESSIVE;
				CLANG_CXX_LANGUAGE_STANDARD = "gnu++14";
				CLANG_CXX_LIBRARY = "libc++";
				CLANG_ENABLE_MODULES = YES;
				CLANG_ENABLE_OBJC_ARC = YES;
				CLANG_ENABLE_OBJC_WEAK = YES;
				CLANG_WARN_BLOCK_CAPTURE_AUTORELEASING = YES;
				CLANG_WARN_BOOL_CONVERSION = YES;
				CLANG_WARN_COMMA = YES;
				CLANG_WARN_CONSTANT_CONVERSION = YES;
				CLANG_WARN_DEPRECATED_OBJC_IMPLEMENTATIONS = YES;
				CLANG_WARN_DIRECT_OBJC_ISA_USAGE = YES_ERROR;
				CLANG_WARN_DOCUMENTATION_COMMENTS = YES;
				CLANG_WARN_EMPTY_BODY = YES;
				CLANG_WARN_ENUM_CONVERSION = YES;
				CLANG_WARN_INFINITE_RECURSION = YES;
				CLANG_WARN_INT_CONVERSION = YES;
				CLANG_WARN_NON_LITERAL_NULL_CONVERSION = YES;
				CLANG_WARN_OBJC_IMPLICIT_RETAIN_SELF = YES;
				CLANG_WARN_OBJC_LITERAL_CONVERSION = YES;
				CLANG_WARN_OBJC_ROOT_CLASS = YES_ERROR;
				CLANG_WARN_RANGE_LOOP_ANALYSIS = YES;
				CLANG_WARN_STRICT_PROTOTYPES = YES;
				CLANG_WARN_SUSPICIOUS_MOVE = YES;
				CLANG_WARN_UNGUARDED_AVAILABILITY = YES_AGGRESSIVE;
				CLANG_WARN_UNREACHABLE_CODE = YES;
				CLANG_WARN__DUPLICATE_METHOD_MATCH = YES;
				CODE_SIGN_IDENTITY = "iPhone Developer";
				COPY_PHASE_STRIP = NO;
				DEBUG_INFORMATION_FORMAT = dwarf;
				ENABLE_STRICT_OBJC_MSGSEND = YES;
				ENABLE_TESTABILITY = YES;
				GCC_C_LANGUAGE_STANDARD = gnu11;
				GCC_DYNAMIC_NO_PIC = NO;
				GCC_NO_COMMON_BLOCKS = YES;
				GCC_OPTIMIZATION_LEVEL = 0;
				GCC_PREPROCESSOR_DEFINITIONS = (
					"DEBUG=1",
					"$(inherited)",
				);
				GCC_WARN_64_TO_32_BIT_CONVERSION = YES;
				GCC_WARN_ABOUT_RETURN_TYPE = YES_ERROR;
				GCC_WARN_UNDECLARED_SELECTOR = YES;
				GCC_WARN_UNINITIALIZED_AUTOS = YES_AGGRESSIVE;
				GCC_WARN_UNUSED_FUNCTION = YES;
				GCC_WARN_UNUSED_VARIABLE = YES;
				IPHONEOS_DEPLOYMENT_TARGET = 12.2;
				MTL_ENABLE_DEBUG_INFO = INCLUDE_SOURCE;
				MTL_FAST_MATH = YES;
				ONLY_ACTIVE_ARCH = YES;
				SDKROOT = iphoneos;
				SWIFT_ACTIVE_COMPILATION_CONDITIONS = DEBUG;
				SWIFT_OPTIMIZATION_LEVEL = "-Onone";
			};
			name = Debug;
		};
		9AFD60CA22C228A700FB90F2 /* Release */ = {
			isa = XCBuildConfiguration;
			buildSettings = {
				ALWAYS_SEARCH_USER_PATHS = NO;
				CLANG_ANALYZER_NONNULL = YES;
				CLANG_ANALYZER_NUMBER_OBJECT_CONVERSION = YES_AGGRESSIVE;
				CLANG_CXX_LANGUAGE_STANDARD = "gnu++14";
				CLANG_CXX_LIBRARY = "libc++";
				CLANG_ENABLE_MODULES = YES;
				CLANG_ENABLE_OBJC_ARC = YES;
				CLANG_ENABLE_OBJC_WEAK = YES;
				CLANG_WARN_BLOCK_CAPTURE_AUTORELEASING = YES;
				CLANG_WARN_BOOL_CONVERSION = YES;
				CLANG_WARN_COMMA = YES;
				CLANG_WARN_CONSTANT_CONVERSION = YES;
				CLANG_WARN_DEPRECATED_OBJC_IMPLEMENTATIONS = YES;
				CLANG_WARN_DIRECT_OBJC_ISA_USAGE = YES_ERROR;
				CLANG_WARN_DOCUMENTATION_COMMENTS = YES;
				CLANG_WARN_EMPTY_BODY = YES;
				CLANG_WARN_ENUM_CONVERSION = YES;
				CLANG_WARN_INFINITE_RECURSION = YES;
				CLANG_WARN_INT_CONVERSION = YES;
				CLANG_WARN_NON_LITERAL_NULL_CONVERSION = YES;
				CLANG_WARN_OBJC_IMPLICIT_RETAIN_SELF = YES;
				CLANG_WARN_OBJC_LITERAL_CONVERSION = YES;
				CLANG_WARN_OBJC_ROOT_CLASS = YES_ERROR;
				CLANG_WARN_RANGE_LOOP_ANALYSIS = YES;
				CLANG_WARN_STRICT_PROTOTYPES = YES;
				CLANG_WARN_SUSPICIOUS_MOVE = YES;
				CLANG_WARN_UNGUARDED_AVAILABILITY = YES_AGGRESSIVE;
				CLANG_WARN_UNREACHABLE_CODE = YES;
				CLANG_WARN__DUPLICATE_METHOD_MATCH = YES;
				CODE_SIGN_IDENTITY = "iPhone Developer";
				COPY_PHASE_STRIP = NO;
				DEBUG_INFORMATION_FORMAT = "dwarf-with-dsym";
				ENABLE_NS_ASSERTIONS = NO;
				ENABLE_STRICT_OBJC_MSGSEND = YES;
				GCC_C_LANGUAGE_STANDARD = gnu11;
				GCC_NO_COMMON_BLOCKS = YES;
				GCC_WARN_64_TO_32_BIT_CONVERSION = YES;
				GCC_WARN_ABOUT_RETURN_TYPE = YES_ERROR;
				GCC_WARN_UNDECLARED_SELECTOR = YES;
				GCC_WARN_UNINITIALIZED_AUTOS = YES_AGGRESSIVE;
				GCC_WARN_UNUSED_FUNCTION = YES;
				GCC_WARN_UNUSED_VARIABLE = YES;
				IPHONEOS_DEPLOYMENT_TARGET = 12.2;
				MTL_ENABLE_DEBUG_INFO = NO;
				MTL_FAST_MATH = YES;
				SDKROOT = iphoneos;
				SWIFT_COMPILATION_MODE = wholemodule;
				SWIFT_OPTIMIZATION_LEVEL = "-O";
				VALIDATE_PRODUCT = YES;
			};
			name = Release;
		};
		9AFD60CC22C228A700FB90F2 /* Debug */ = {
			isa = XCBuildConfiguration;
			buildSettings = {
				ASSETCATALOG_COMPILER_APPICON_NAME = AppIcon;
				CODE_SIGN_STYLE = Automatic;
				INFOPLIST_FILE = NotesApp/Info.plist;
				LD_RUNPATH_SEARCH_PATHS = (
					"$(inherited)",
					"@executable_path/Frameworks",
				);
				PRODUCT_BUNDLE_IDENTIFIER = BF.NotesApp;
				PRODUCT_NAME = "$(TARGET_NAME)";
				SWIFT_VERSION = 5.0;
				TARGETED_DEVICE_FAMILY = "1,2";
			};
			name = Debug;
		};
		9AFD60CD22C228A700FB90F2 /* Release */ = {
			isa = XCBuildConfiguration;
			buildSettings = {
				ASSETCATALOG_COMPILER_APPICON_NAME = AppIcon;
				CODE_SIGN_STYLE = Automatic;
				INFOPLIST_FILE = NotesApp/Info.plist;
				LD_RUNPATH_SEARCH_PATHS = (
					"$(inherited)",
					"@executable_path/Frameworks",
				);
				PRODUCT_BUNDLE_IDENTIFIER = BF.NotesApp;
				PRODUCT_NAME = "$(TARGET_NAME)";
				SWIFT_VERSION = 5.0;
				TARGETED_DEVICE_FAMILY = "1,2";
			};
			name = Release;
		};
/* End XCBuildConfiguration section */

/* Begin XCConfigurationList section */
		9AFD60B122C228A100FB90F2 /* Build configuration list for PBXProject "NotesApp" */ = {
			isa = XCConfigurationList;
			buildConfigurations = (
				9AFD60C922C228A700FB90F2 /* Debug */,
				9AFD60CA22C228A700FB90F2 /* Release */,
			);
			defaultConfigurationIsVisible = 0;
			defaultConfigurationName = Release;
		};
		9AFD60CB22C228A700FB90F2 /* Build configuration list for PBXNativeTarget "NotesApp" */ = {
			isa = XCConfigurationList;
			buildConfigurations = (
				9AFD60CC22C228A700FB90F2 /* Debug */,
				9AFD60CD22C228A700FB90F2 /* Release */,
			);
			defaultConfigurationIsVisible = 0;
			defaultConfigurationName = Release;
		};
/* End XCConfigurationList section */

/* Begin XCVersionGroup section */
		9AFD60C022C228A100FB90F2 /* NotesApp.xcdatamodeld */ = {
			isa = XCVersionGroup;
			children = (
				9AFD60C122C228A100FB90F2 /* NotesApp.xcdatamodel */,
			);
			currentVersion = 9AFD60C122C228A100FB90F2 /* NotesApp.xcdatamodel */;
			path = NotesApp.xcdatamodeld;
			sourceTree = "<group>";
			versionGroupType = wrapper.xcdatamodel;
		};
/* End XCVersionGroup section */
	};
	rootObject = 9AFD60AE22C228A100FB90F2 /* Project object */;
}
